{
  "name": "zipfile",
  "version": "1.0.0",
  "lockfileVersion": 1,
  "requires": true,
  "dependencies": {
    "@discoveryjs/json-ext": {
      "version": "0.5.7",
      "resolved": "http://registry.m.jd.com/@discoveryjs/json-ext/download/@discoveryjs/json-ext-0.5.7.tgz",
      "integrity": "sha1-HVcr+74Ut3BOC6Dzm3SBW4SHDXA=",
      "dev": true
    },
    "@jridgewell/gen-mapping": {
      "version": "0.3.3",
      "resolved": "http://registry.m.jd.com/@jridgewell/gen-mapping/download/@jridgewell/gen-mapping-0.3.3.tgz",
      "integrity": "sha1-fgLm6135AartsIUUIDsJZhQCQJg=",
      "dev": true,
      "requires": {
        "@jridgewell/set-array": "^1.0.1",
        "@jridgewell/sourcemap-codec": "^1.4.10",
        "@jridgewell/trace-mapping": "^0.3.9"
      }
    },
    "@jridgewell/resolve-uri": {
      "version": "3.1.1",
      "resolved": "http://registry.m.jd.com/@jridgewell/resolve-uri/download/@jridgewell/resolve-uri-3.1.1.tgz",
      "integrity": "sha1-wIZ5Bj8nlhWjMmWDujqQ0dgsxyE=",
      "dev": true
    },
    "@jridgewell/set-array": {
      "version": "1.1.2",
      "resolved": "http://registry.m.jd.com/@jridgewell/set-array/download/@jridgewell/set-array-1.1.2.tgz",
      "integrity": "sha1-fGz5mNbSC5FMClWpGuko/yWWXnI=",
      "dev": true
    },
    "@jridgewell/source-map": {
      "version": "0.3.5",
      "resolved": "http://registry.m.jd.com/@jridgewell/source-map/download/@jridgewell/source-map-0.3.5.tgz",
      "integrity": "sha1-o7tNXGglqrDSgSaPR/atWFNDHpE=",
      "dev": true,
      "requires": {
        "@jridgewell/gen-mapping": "^0.3.0",
        "@jridgewell/trace-mapping": "^0.3.9"
      }
    },
    "@jridgewell/sourcemap-codec": {
      "version": "1.4.15",
      "resolved": "http://registry.m.jd.com/@jridgewell/sourcemap-codec/download/@jridgewell/sourcemap-codec-1.4.15.tgz",
      "integrity": "sha1-18bmdVx4VnqVHgSrUu8P0m3lnzI=",
      "dev": true
    },
    "@jridgewell/trace-mapping": {
      "version": "0.3.19",
      "resolved": "http://registry.m.jd.com/@jridgewell/trace-mapping/download/@jridgewell/trace-mapping-0.3.19.tgz",
      "integrity": "sha1-+KMkmGL5G+SNMSfDz+mS95tLiBE=",
      "dev": true,
      "requires": {
        "@jridgewell/resolve-uri": "^3.1.0",
        "@jridgewell/sourcemap-codec": "^1.4.14"
      }
    },
    "@types/eslint": {
      "version": "8.44.2",
      "resolved": "http://registry.m.jd.com/@types/eslint/download/@types/eslint-8.44.2.tgz",
      "integrity": "sha1-DSHFBfmKibjdTTf6FisJ2mCJGZo=",
      "dev": true,
      "requires": {
        "@types/estree": "*",
        "@types/json-schema": "*"
      }
    },
    "@types/eslint-scope": {
      "version": "3.7.4",
      "resolved": "http://registry.m.jd.com/@types/eslint-scope/download/@types/eslint-scope-3.7.4.tgz",
      "integrity": "sha1-N/wSI/B4bDlicGihLpTW5vxh3hY=",
      "dev": true,
      "requires": {
        "@types/eslint": "*",
        "@types/estree": "*"
      }
    },
    "@types/estree": {
      "version": "1.0.1",
      "resolved": "http://registry.m.jd.com/@types/estree/download/@types/estree-1.0.1.tgz",
      "integrity": "sha1-qiJ1CWLzvw5511PTzAZ/AQyV8ZQ=",
      "dev": true
    },
    "@types/json-schema": {
      "version": "7.0.12",
      "resolved": "http://registry.m.jd.com/@types/json-schema/download/@types/json-schema-7.0.12.tgz",
      "integrity": "sha1-1w+rpwOdX8pUyDx9urQQUdK29ss=",
      "dev": true
    },
    "@types/node": {
      "version": "20.5.3",
      "resolved": "http://registry.m.jd.com/@types/node/download/@types/node-20.5.3.tgz",
      "integrity": "sha1-+lLBR/QF1WsvHdh4DYQKqH3f9ik=",
      "dev": true
    },
    "@webassemblyjs/ast": {
      "version": "1.11.6",
      "resolved": "http://registry.m.jd.com/@webassemblyjs/ast/download/@webassemblyjs/ast-1.11.6.tgz",
      "integrity": "sha1-2wRlVdPEE/iWbKUKlRdqDixkLiQ=",
      "dev": true,
      "requires": {
        "@webassemblyjs/helper-numbers": "1.11.6",
        "@webassemblyjs/helper-wasm-bytecode": "1.11.6"
      }
    },
    "@webassemblyjs/floating-point-hex-parser": {
      "version": "1.11.6",
      "resolved": "http://registry.m.jd.com/@webassemblyjs/floating-point-hex-parser/download/@webassemblyjs/floating-point-hex-parser-1.11.6.tgz",
      "integrity": "sha1-2svLla/xNcgmD3f6O0xf6mAKZDE=",
      "dev": true
    },
    "@webassemblyjs/helper-api-error": {
      "version": "1.11.6",
      "resolved": "http://registry.m.jd.com/@webassemblyjs/helper-api-error/download/@webassemblyjs/helper-api-error-1.11.6.tgz",
      "integrity": "sha1-YTL2jErNWdzRQcRLGMvrvZ8vp2g=",
      "dev": true
    },
    "@webassemblyjs/helper-buffer": {
      "version": "1.11.6",
      "resolved": "http://registry.m.jd.com/@webassemblyjs/helper-buffer/download/@webassemblyjs/helper-buffer-1.11.6.tgz",
      "integrity": "sha1-tm1zxD4pb9XogAbxhST+sPLHwJM=",
      "dev": true
    },
    "@webassemblyjs/helper-numbers": {
      "version": "1.11.6",
      "resolved": "http://registry.m.jd.com/@webassemblyjs/helper-numbers/download/@webassemblyjs/helper-numbers-1.11.6.tgz",
      "integrity": "sha1-y85efgwb0yz0kFrkRO9kzqkZ8bU=",
      "dev": true,
      "requires": {
        "@webassemblyjs/floating-point-hex-parser": "1.11.6",
        "@webassemblyjs/helper-api-error": "1.11.6",
        "@xtuc/long": "4.2.2"
      }
    },
    "@webassemblyjs/helper-wasm-bytecode": {
      "version": "1.11.6",
      "resolved": "http://registry.m.jd.com/@webassemblyjs/helper-wasm-bytecode/download/@webassemblyjs/helper-wasm-bytecode-1.11.6.tgz",
      "integrity": "sha1-uy69s7g6om2bqtTEbUMVKDrNUek=",
      "dev": true
    },
    "@webassemblyjs/helper-wasm-section": {
      "version": "1.11.6",
      "resolved": "http://registry.m.jd.com/@webassemblyjs/helper-wasm-section/download/@webassemblyjs/helper-wasm-section-1.11.6.tgz",
      "integrity": "sha1-/5fzhjxV7n9YD9XEGjgene9KpXc=",
      "dev": true,
      "requires": {
        "@webassemblyjs/ast": "1.11.6",
        "@webassemblyjs/helper-buffer": "1.11.6",
        "@webassemblyjs/helper-wasm-bytecode": "1.11.6",
        "@webassemblyjs/wasm-gen": "1.11.6"
      }
    },
    "@webassemblyjs/ieee754": {
      "version": "1.11.6",
      "resolved": "http://registry.m.jd.com/@webassemblyjs/ieee754/download/@webassemblyjs/ieee754-1.11.6.tgz",
      "integrity": "sha1-u2ZckdCxT//OsOOCmMMprwQ8bjo=",
      "dev": true,
      "requires": {
        "@xtuc/ieee754": "^1.2.0"
      }
    },
    "@webassemblyjs/leb128": {
      "version": "1.11.6",
      "resolved": "http://registry.m.jd.com/@webassemblyjs/leb128/download/@webassemblyjs/leb128-1.11.6.tgz",
      "integrity": "sha1-cOYOXoL5rIERi8JTgaCyg4kyQNc=",
      "dev": true,
      "requires": {
        "@xtuc/long": "4.2.2"
      }
    },
    "@webassemblyjs/utf8": {
      "version": "1.11.6",
      "resolved": "http://registry.m.jd.com/@webassemblyjs/utf8/download/@webassemblyjs/utf8-1.11.6.tgz",
      "integrity": "sha1-kPi8NMVhWV/hVmA75yU8280Pq1o=",
      "dev": true
    },
    "@webassemblyjs/wasm-edit": {
      "version": "1.11.6",
      "resolved": "http://registry.m.jd.com/@webassemblyjs/wasm-edit/download/@webassemblyjs/wasm-edit-1.11.6.tgz",
      "integrity": "sha1-xy+oIgUkybQWJJ89lMKVjf5wzqs=",
      "dev": true,
      "requires": {
        "@webassemblyjs/ast": "1.11.6",
        "@webassemblyjs/helper-buffer": "1.11.6",
        "@webassemblyjs/helper-wasm-bytecode": "1.11.6",
        "@webassemblyjs/helper-wasm-section": "1.11.6",
        "@webassemblyjs/wasm-gen": "1.11.6",
        "@webassemblyjs/wasm-opt": "1.11.6",
        "@webassemblyjs/wasm-parser": "1.11.6",
        "@webassemblyjs/wast-printer": "1.11.6"
      }
    },
    "@webassemblyjs/wasm-gen": {
      "version": "1.11.6",
      "resolved": "http://registry.m.jd.com/@webassemblyjs/wasm-gen/download/@webassemblyjs/wasm-gen-1.11.6.tgz",
      "integrity": "sha1-+1KD4Oi0VRzE6cPA1xhKZfr3wmg=",
      "dev": true,
      "requires": {
        "@webassemblyjs/ast": "1.11.6",
        "@webassemblyjs/helper-wasm-bytecode": "1.11.6",
        "@webassemblyjs/ieee754": "1.11.6",
        "@webassemblyjs/leb128": "1.11.6",
        "@webassemblyjs/utf8": "1.11.6"
      }
    },
    "@webassemblyjs/wasm-opt": {
      "version": "1.11.6",
      "resolved": "http://registry.m.jd.com/@webassemblyjs/wasm-opt/download/@webassemblyjs/wasm-opt-1.11.6.tgz",
      "integrity": "sha1-2aItZRJIQiykmLCaoyMqgQQUh8I=",
      "dev": true,
      "requires": {
        "@webassemblyjs/ast": "1.11.6",
        "@webassemblyjs/helper-buffer": "1.11.6",
        "@webassemblyjs/wasm-gen": "1.11.6",
        "@webassemblyjs/wasm-parser": "1.11.6"
      }
    },
    "@webassemblyjs/wasm-parser": {
      "version": "1.11.6",
      "resolved": "http://registry.m.jd.com/@webassemblyjs/wasm-parser/download/@webassemblyjs/wasm-parser-1.11.6.tgz",
      "integrity": "sha1-u4U3jFJ9+CQASBK723hO6lORdKE=",
      "dev": true,
      "requires": {
        "@webassemblyjs/ast": "1.11.6",
        "@webassemblyjs/helper-api-error": "1.11.6",
        "@webassemblyjs/helper-wasm-bytecode": "1.11.6",
        "@webassemblyjs/ieee754": "1.11.6",
        "@webassemblyjs/leb128": "1.11.6",
        "@webassemblyjs/utf8": "1.11.6"
      }
    },
    "@webassemblyjs/wast-printer": {
      "version": "1.11.6",
      "resolved": "http://registry.m.jd.com/@webassemblyjs/wast-printer/download/@webassemblyjs/wast-printer-1.11.6.tgz",
      "integrity": "sha1-p7+N1+NirrFmj/Q/NcuEnxiO/yA=",
      "dev": true,
      "requires": {
        "@webassemblyjs/ast": "1.11.6",
        "@xtuc/long": "4.2.2"
      }
    },
    "@webpack-cli/configtest": {
      "version": "2.1.1",
      "resolved": "http://registry.m.jd.com/@webpack-cli/configtest/download/@webpack-cli/configtest-2.1.1.tgz",
      "integrity": "sha1-Oy+FLpHaxuO4X7KjFPuL70bZRkY=",
      "dev": true
    },
    "@webpack-cli/info": {
      "version": "2.0.2",
      "resolved": "http://registry.m.jd.com/@webpack-cli/info/download/@webpack-cli/info-2.0.2.tgz",
      "integrity": "sha1-zD+/Iu/riP9iMQz4hcWwn0SuD90=",
      "dev": true
    },
    "@webpack-cli/serve": {
      "version": "2.0.5",
      "resolved": "http://registry.m.jd.com/@webpack-cli/serve/download/@webpack-cli/serve-2.0.5.tgz",
      "integrity": "sha1-Ml20I5XNSf5sFAV/mpAOQn34gQ4=",
      "dev": true
    },
    "@xtuc/ieee754": {
      "version": "1.2.0",
      "resolved": "http://registry.m.jd.com/@xtuc/ieee754/download/@xtuc/ieee754-1.2.0.tgz",
      "integrity": "sha1-7vAUoxRa5Hehy8AM0eVSM23Ot5A=",
      "dev": true
    },
    "@xtuc/long": {
      "version": "4.2.2",
      "resolved": "http://registry.m.jd.com/@xtuc/long/download/@xtuc/long-4.2.2.tgz",
      "integrity": "sha1-0pHGpOl5ibXGHZrPOWrk/hM6cY0=",
      "dev": true
    },
    "acorn": {
      "version": "8.10.0",
      "resolved": "http://registry.m.jd.com/acorn/download/acorn-8.10.0.tgz",
      "integrity": "sha1-i+WzkHpnIhqBqyPHiJxMVSa2LsU=",
      "dev": true
    },
    "acorn-import-assertions": {
      "version": "1.9.0",
      "resolved": "http://registry.m.jd.com/acorn-import-assertions/download/acorn-import-assertions-1.9.0.tgz",
      "integrity": "sha1-UHJ2JJ1oR5fITgc074SGAzTPsaw=",
      "dev": true
    },
    "ajv": {
      "version": "6.12.6",
      "resolved": "http://registry.m.jd.com/ajv/download/ajv-6.12.6.tgz",
      "integrity": "sha1-uvWmLoArB9l3A0WG+MO69a3ybfQ=",
      "dev": true,
      "requires": {
        "fast-deep-equal": "^3.1.1",
        "fast-json-stable-stringify": "^2.0.0",
        "json-schema-traverse": "^0.4.1",
        "uri-js": "^4.2.2"
      }
    },
    "ajv-keywords": {
      "version": "3.5.2",
      "resolved": "http://registry.m.jd.com/ajv-keywords/download/ajv-keywords-3.5.2.tgz",
      "integrity": "sha1-MfKdpatuANHC0yms97WSlhTVAU0=",
      "dev": true
    },
    "browserslist": {
      "version": "4.21.10",
      "resolved": "http://registry.m.jd.com/browserslist/download/browserslist-4.21.10.tgz",
      "integrity": "sha1-27rFdmKME9OyIxMyyy7FpG4BW7A=",
      "dev": true,
      "requires": {
        "caniuse-lite": "^1.0.30001517",
        "electron-to-chromium": "^1.4.477",
        "node-releases": "^2.0.13",
        "update-browserslist-db": "^1.0.11"
      }
    },
    "buffer-from": {
      "version": "1.1.2",
      "resolved": "http://registry.m.jd.com/buffer-from/download/buffer-from-1.1.2.tgz",
      "integrity": "sha1-KxRqb9cugLT1XSVfNe1Zo6mkG9U=",
      "dev": true
    },
    "caniuse-lite": {
      "version": "1.0.30001521",
      "resolved": "http://registry.m.jd.com/caniuse-lite/download/caniuse-lite-1.0.30001521.tgz",
      "integrity": "sha1-6ZMM9Jn3wegDNLbB+8pS4A2InlY=",
      "dev": true
    },
    "chrome-trace-event": {
      "version": "1.0.3",
      "resolved": "http://registry.m.jd.com/chrome-trace-event/download/chrome-trace-event-1.0.3.tgz",
      "integrity": "sha1-EBXs7UdB4V0GZkqVfbv1DQQeJqw=",
      "dev": true
    },
    "clone-deep": {
      "version": "4.0.1",
      "resolved": "http://registry.m.jd.com/clone-deep/download/clone-deep-4.0.1.tgz",
      "integrity": "sha1-wZ/Zvbv4WUK0/ZechNz31fB8I4c=",
      "dev": true,
      "requires": {
        "is-plain-object": "^2.0.4",
        "kind-of": "^6.0.2",
        "shallow-clone": "^3.0.0"
      }
    },
    "colorette": {
      "version": "2.0.20",
      "resolved": "http://registry.m.jd.com/colorette/download/colorette-2.0.20.tgz",
      "integrity": "sha1-nreT5oMwZ/cjWQL807CZF6AAqVo=",
      "dev": true
    },
    "commander": {
      "version": "2.20.3",
      "resolved": "http://registry.m.jd.com/commander/download/commander-2.20.3.tgz",
      "integrity": "sha1-/UhehMA+tIgcIHIrpIA16FMa6zM=",
      "dev": true
    },
    "core-util-is": {
      "version": "1.0.3",
      "resolved": "http://registry.m.jd.com/core-util-is/download/core-util-is-1.0.3.tgz",
      "integrity": "sha1-pgQtNjTCsn6TKPg3uWX6yDgI24U=",
      "dev": true
    },
    "cross-spawn": {
      "version": "7.0.3",
      "resolved": "http://registry.m.jd.com/cross-spawn/download/cross-spawn-7.0.3.tgz",
      "integrity": "sha1-9zqFudXUHQRVUcF34ogtSshXKKY=",
      "dev": true,
      "requires": {
        "path-key": "^3.1.0",
        "shebang-command": "^2.0.0",
        "which": "^2.0.1"
      }
    },
    "electron-to-chromium": {
      "version": "1.4.496",
      "resolved": "http://registry.m.jd.com/electron-to-chromium/download/electron-to-chromium-1.4.496.tgz",
      "integrity": "sha1-pXU0tw0r3ufhrX29TJHlYMvQjbE=",
      "dev": true
    },
    "enhanced-resolve": {
      "version": "5.15.0",
      "resolved": "http://registry.m.jd.com/enhanced-resolve/download/enhanced-resolve-5.15.0.tgz",
      "integrity": "sha1-GvlGx9k2A+uI6Yls7kkE3AEunDU=",
      "dev": true,
      "requires": {
        "graceful-fs": "^4.2.4",
        "tapable": "^2.2.0"
      }
    },
    "envinfo": {
      "version": "7.10.0",
      "resolved": "http://registry.m.jd.com/envinfo/download/envinfo-7.10.0.tgz",
      "integrity": "sha1-VRRuOQnMX+Y8Itpj+xWwWurDWxM=",
      "dev": true
    },
    "es-module-lexer": {
      "version": "1.3.0",
      "resolved": "http://registry.m.jd.com/es-module-lexer/download/es-module-lexer-1.3.0.tgz",
      "integrity": "sha1-a+nJ4LRUOmDNFm/2+LTp2uCwwW8=",
      "dev": true
    },
    "escalade": {
      "version": "3.1.1",
      "resolved": "http://registry.m.jd.com/escalade/download/escalade-3.1.1.tgz",
      "integrity": "sha1-2M/ccACWXFoBdLSoLqpcBVJ0LkA=",
      "dev": true
    },
    "eslint-scope": {
      "version": "5.1.1",
      "resolved": "http://registry.m.jd.com/eslint-scope/download/eslint-scope-5.1.1.tgz",
      "integrity": "sha1-54blmmbLkrP2wfsNUIqrF0hI9Iw=",
      "dev": true,
      "requires": {
        "esrecurse": "^4.3.0",
        "estraverse": "^4.1.1"
      }
    },
    "esrecurse": {
      "version": "4.3.0",
      "resolved": "http://registry.m.jd.com/esrecurse/download/esrecurse-4.3.0.tgz",
      "integrity": "sha1-eteWTWeauyi+5yzsY3WLHF0smSE=",
      "dev": true,
      "requires": {
        "estraverse": "^5.2.0"
      },
      "dependencies": {
        "estraverse": {
          "version": "5.3.0",
          "resolved": "http://registry.m.jd.com/estraverse/download/estraverse-5.3.0.tgz",
          "integrity": "sha1-LupSkHAvJquP5TcDcP+GyWXSESM=",
          "dev": true
        }
      }
    },
    "estraverse": {
      "version": "4.3.0",
      "resolved": "http://registry.m.jd.com/estraverse/download/estraverse-4.3.0.tgz",
      "integrity": "sha1-OYrT88WiSUi+dyXoPRGn3ijNvR0=",
      "dev": true
    },
    "events": {
      "version": "3.3.0",
      "resolved": "http://registry.m.jd.com/events/download/events-3.3.0.tgz",
      "integrity": "sha1-Mala0Kkk4tLEGagTrrLE6HjqdAA=",
      "dev": true
    },
    "fast-deep-equal": {
      "version": "3.1.3",
      "resolved": "http://registry.m.jd.com/fast-deep-equal/download/fast-deep-equal-3.1.3.tgz",
      "integrity": "sha1-On1WtVnWy8PrUSMlJE5hmmXGxSU=",
      "dev": true
    },
    "fast-json-stable-stringify": {
      "version": "2.1.0",
      "resolved": "http://registry.m.jd.com/fast-json-stable-stringify/download/fast-json-stable-stringify-2.1.0.tgz",
      "integrity": "sha1-h0v2nG9ATCtdmcSBNBOZ/VWJJjM=",
      "dev": true
    },
    "fastest-levenshtein": {
      "version": "1.0.16",
      "resolved": "http://registry.m.jd.com/fastest-levenshtein/download/fastest-levenshtein-1.0.16.tgz",
      "integrity": "sha1-IQ5htv8YHekeqbPRuE/e3UfgNOU=",
      "dev": true
    },
    "find-up": {
      "version": "4.1.0",
      "resolved": "http://registry.m.jd.com/find-up/download/find-up-4.1.0.tgz",
      "integrity": "sha1-l6/n1s3AvFkoWEt8jXsW6KmqXRk=",
      "dev": true,
      "requires": {
        "locate-path": "^5.0.0",
        "path-exists": "^4.0.0"
      }
    },
    "function-bind": {
      "version": "1.1.1",
      "resolved": "http://registry.m.jd.com/function-bind/download/function-bind-1.1.1.tgz",
      "integrity": "sha1-pWiZ0+o8m6uHS7l3O3xe3pL0iV0=",
      "dev": true
    },
    "glob-to-regexp": {
      "version": "0.4.1",
      "resolved": "http://registry.m.jd.com/glob-to-regexp/download/glob-to-regexp-0.4.1.tgz",
      "integrity": "sha1-x1KXCHyFG5pXi9IX3VmpL1n+VG4=",
      "dev": true
    },
    "graceful-fs": {
      "version": "4.2.11",
      "resolved": "http://registry.m.jd.com/graceful-fs/download/graceful-fs-4.2.11.tgz",
      "integrity": "sha1-QYPk6L8Iu24Fu7L30uDI9xLKQOM=",
      "dev": true
    },
    "has": {
      "version": "1.0.3",
      "resolved": "http://registry.m.jd.com/has/download/has-1.0.3.tgz",
      "integrity": "sha1-ci18v8H2qoJB8W3YFOAR4fQeh5Y=",
      "dev": true,
      "requires": {
        "function-bind": "^1.1.1"
      }
    },
    "has-flag": {
      "version": "4.0.0",
      "resolved": "http://registry.m.jd.com/has-flag/download/has-flag-4.0.0.tgz",
      "integrity": "sha1-lEdx/ZyByBJlxNaUGGDaBrtZR5s=",
      "dev": true
    },
    "immediate": {
      "version": "3.0.6",
      "resolved": "http://registry.m.jd.com/immediate/download/immediate-3.0.6.tgz",
      "integrity": "sha1-nbHb0Pr43m++D13V5Wu2BigN5ps=",
      "dev": true
    },
    "import-local": {
      "version": "3.1.0",
      "resolved": "http://registry.m.jd.com/import-local/download/import-local-3.1.0.tgz",
      "integrity": "sha1-tEed+KX9RPbNziQHBnVnYGPJXLQ=",
      "dev": true,
      "requires": {
        "pkg-dir": "^4.2.0",
        "resolve-cwd": "^3.0.0"
      }
    },
    "inherits": {
      "version": "2.0.4",
      "resolved": "http://registry.m.jd.com/inherits/download/inherits-2.0.4.tgz",
      "integrity": "sha1-D6LGT5MpF8NDOg3tVTY6rjdBa3w=",
      "dev": true
    },
    "interpret": {
      "version": "3.1.1",
      "resolved": "http://registry.m.jd.com/interpret/download/interpret-3.1.1.tgz",
      "integrity": "sha1-W+DO7WfKecbEvFzw1+6EPc6hEMQ=",
      "dev": true
    },
    "is-core-module": {
      "version": "2.13.0",
      "resolved": "http://registry.m.jd.com/is-core-module/download/is-core-module-2.13.0.tgz",
      "integrity": "sha1-u1Kqbiy9SaMMK6aMQr80Nbpgcts=",
      "dev": true,
      "requires": {
        "has": "^1.0.3"
      }
    },
    "is-plain-object": {
      "version": "2.0.4",
      "resolved": "http://registry.m.jd.com/is-plain-object/download/is-plain-object-2.0.4.tgz",
      "integrity": "sha1-LBY7P6+xtgbZ0Xko8FwqHDjgdnc=",
      "dev": true,
      "requires": {
        "isobject": "^3.0.1"
      }
    },
    "isarray": {
      "version": "1.0.0",
      "resolved": "http://registry.m.jd.com/isarray/download/isarray-1.0.0.tgz",
      "integrity": "sha1-u5NdSFgsuhaMBoNJV6VKPgcSTxE=",
      "dev": true
    },
    "isexe": {
      "version": "2.0.0",
      "resolved": "http://registry.m.jd.com/isexe/download/isexe-2.0.0.tgz",
      "integrity": "sha1-6PvzdNxVb/iUehDcsFctYz8s+hA=",
      "dev": true
    },
    "isobject": {
      "version": "3.0.1",
      "resolved": "http://registry.m.jd.com/isobject/download/isobject-3.0.1.tgz",
      "integrity": "sha1-TkMekrEalzFjaqH5yNHMvP2reN8=",
      "dev": true
    },
    "jest-worker": {
      "version": "27.5.1",
      "resolved": "http://registry.m.jd.com/jest-worker/download/jest-worker-27.5.1.tgz",
      "integrity": "sha1-jRRvCQDolzsQa29zzB6ajLhvjbA=",
      "dev": true,
      "requires": {
        "@types/node": "*",
        "merge-stream": "^2.0.0",
        "supports-color": "^8.0.0"
      }
    },
    "json-parse-even-better-errors": {
      "version": "2.3.1",
      "resolved": "http://registry.m.jd.com/json-parse-even-better-errors/download/json-parse-even-better-errors-2.3.1.tgz",
      "integrity": "sha1-fEeAWpQxmSjgV3dAXcEuH3pO4C0=",
      "dev": true
    },
    "json-schema-traverse": {
      "version": "0.4.1",
      "resolved": "http://registry.m.jd.com/json-schema-traverse/download/json-schema-traverse-0.4.1.tgz",
      "integrity": "sha1-afaofZUTq4u4/mO9sJecRI5oRmA=",
      "dev": true
    },
    "jszip": {
      "version": "3.10.1",
      "resolved": "http://registry.m.jd.com/jszip/download/jszip-3.10.1.tgz",
      "integrity": "sha1-NK7nDrGOofrsL1iSCKFX0f6wkcI=",
      "dev": true,
      "requires": {
        "lie": "~3.3.0",
        "pako": "~1.0.2",
        "readable-stream": "~2.3.6",
        "setimmediate": "^1.0.5"
      }
    },
    "kind-of": {
      "version": "6.0.3",
      "resolved": "http://registry.m.jd.com/kind-of/download/kind-of-6.0.3.tgz",
      "integrity": "sha1-B8BQNKbDSfoG4k+jWqdttFgM5N0=",
      "dev": true
    },
    "lie": {
      "version": "3.3.0",
      "resolved": "http://registry.m.jd.com/lie/download/lie-3.3.0.tgz",
      "integrity": "sha1-3Pgt7lRfRgdNryAMfBxaCOD0D2o=",
      "dev": true,
      "requires": {
        "immediate": "~3.0.5"
      }
    },
    "loader-runner": {
      "version": "4.3.0",
      "resolved": "http://registry.m.jd.com/loader-runner/download/loader-runner-4.3.0.tgz",
      "integrity": "sha1-wbShY7mfYUgwNTsWdV5xSawjFOE=",
      "dev": true
    },
    "locate-path": {
      "version": "5.0.0",
      "resolved": "http://registry.m.jd.com/locate-path/download/locate-path-5.0.0.tgz",
      "integrity": "sha1-Gvujlq/WdqbUJQTQpno6frn2KqA=",
      "dev": true,
      "requires": {
        "p-locate": "^4.1.0"
      }
    },
    "merge-stream": {
      "version": "2.0.0",
      "resolved": "http://registry.m.jd.com/merge-stream/download/merge-stream-2.0.0.tgz",
      "integrity": "sha1-UoI2KaFN0AyXcPtq1H3GMQ8sH2A=",
      "dev": true
    },
    "mime-db": {
      "version": "1.52.0",
      "resolved": "http://registry.m.jd.com/mime-db/download/mime-db-1.52.0.tgz",
      "integrity": "sha1-u6vNwChZ9JhzAchW4zh85exDv3A=",
      "dev": true
    },
    "mime-types": {
      "version": "2.1.35",
      "resolved": "http://registry.m.jd.com/mime-types/download/mime-types-2.1.35.tgz",
      "integrity": "sha1-OBqHG2KnNEUGYK497uRIE/cNlZo=",
      "dev": true,
      "requires": {
        "mime-db": "1.52.0"
      }
    },
    "neo-async": {
      "version": "2.6.2",
      "resolved": "http://registry.m.jd.com/neo-async/download/neo-async-2.6.2.tgz",
      "integrity": "sha1-tKr7k+OustgXTKU88WOrfXMIMF8=",
      "dev": true
    },
    "node-releases": {
      "version": "2.0.13",
      "resolved": "http://registry.m.jd.com/node-releases/download/node-releases-2.0.13.tgz",
      "integrity": "sha1-1e0WJ8I+NGHoGbAuV7deSJmxyB0=",
      "dev": true
    },
    "p-limit": {
      "version": "2.3.0",
      "resolved": "http://registry.m.jd.com/p-limit/download/p-limit-2.3.0.tgz",
      "integrity": "sha1-PdM8ZHohT9//2DWTPrCG2g3CHbE=",
      "dev": true,
      "requires": {
        "p-try": "^2.0.0"
      }
    },
    "p-locate": {
      "version": "4.1.0",
      "resolved": "http://registry.m.jd.com/p-locate/download/p-locate-4.1.0.tgz",
      "integrity": "sha1-o0KLtwiLOmApL2aRkni3wpetTwc=",
      "dev": true,
      "requires": {
        "p-limit": "^2.2.0"
      }
    },
    "p-try": {
      "version": "2.2.0",
      "resolved": "http://registry.m.jd.com/p-try/download/p-try-2.2.0.tgz",
      "integrity": "sha1-yyhoVA4xPWHeWPr741zpAE1VQOY=",
      "dev": true
    },
    "pako": {
      "version": "1.0.11",
      "resolved": "http://registry.m.jd.com/pako/download/pako-1.0.11.tgz",
      "integrity": "sha1-bJWZ00DVTf05RjgCUqNXBaa5kr8=",
      "dev": true
    },
    "path-exists": {
      "version": "4.0.0",
      "resolved": "http://registry.m.jd.com/path-exists/download/path-exists-4.0.0.tgz",
      "integrity": "sha1-UTvb4tO5XXdi6METfvoZXGxhtbM=",
      "dev": true
    },
    "path-key": {
      "version": "3.1.1",
      "resolved": "http://registry.m.jd.com/path-key/download/path-key-3.1.1.tgz",
      "integrity": "sha1-WB9q3mWMu6ZaDTOA3ndTKVBU83U=",
      "dev": true
    },
    "path-parse": {
      "version": "1.0.7",
      "resolved": "http://registry.m.jd.com/path-parse/download/path-parse-1.0.7.tgz",
      "integrity": "sha1-+8EUtgykKzDZ2vWFjkvWi77bZzU=",
      "dev": true
    },
    "picocolors": {
      "version": "1.0.0",
      "resolved": "http://registry.m.jd.com/picocolors/download/picocolors-1.0.0.tgz",
      "integrity": "sha1-y1vcdP8/UYkiNur3nWi8RFZKuBw=",
      "dev": true
    },
    "pkg-dir": {
      "version": "4.2.0",
      "resolved": "http://registry.m.jd.com/pkg-dir/download/pkg-dir-4.2.0.tgz",
      "integrity": "sha1-8JkTPfft5CLoHR2ESCcO6z5CYfM=",
      "dev": true,
      "requires": {
        "find-up": "^4.0.0"
      }
    },
    "process-nextick-args": {
      "version": "2.0.1",
      "resolved": "http://registry.m.jd.com/process-nextick-args/download/process-nextick-args-2.0.1.tgz",
      "integrity": "sha1-eCDZsWEgzFXKmud5JoCufbptf+I=",
      "dev": true
    },
    "punycode": {
      "version": "2.3.0",
      "resolved": "http://registry.m.jd.com/punycode/download/punycode-2.3.0.tgz",
      "integrity": "sha1-9n+mfJTaj00M//mBruQRgGQZm48=",
      "dev": true
    },
    "randombytes": {
      "version": "2.1.0",
      "resolved": "http://registry.m.jd.com/randombytes/download/randombytes-2.1.0.tgz",
      "integrity": "sha1-32+ENy8CcNxlzfYpE0mrekc9Tyo=",
      "dev": true,
      "requires": {
        "safe-buffer": "^5.1.0"
      }
    },
    "readable-stream": {
      "version": "2.3.8",
      "resolved": "http://registry.m.jd.com/readable-stream/download/readable-stream-2.3.8.tgz",
      "integrity": "sha1-kRJegEK7obmIf0k0X2J3Anzovps=",
      "dev": true,
      "requires": {
        "core-util-is": "~1.0.0",
        "inherits": "~2.0.3",
        "isarray": "~1.0.0",
        "process-nextick-args": "~2.0.0",
        "safe-buffer": "~5.1.1",
        "string_decoder": "~1.1.1",
        "util-deprecate": "~1.0.1"
      },
      "dependencies": {
        "safe-buffer": {
          "version": "5.1.2",
          "resolved": "http://registry.m.jd.com/safe-buffer/download/safe-buffer-5.1.2.tgz",
          "integrity": "sha1-mR7GnSluAxN0fVm9/St0XDX4go0=",
          "dev": true
        }
      }
    },
    "rechoir": {
      "version": "0.8.0",
      "resolved": "http://registry.m.jd.com/rechoir/download/rechoir-0.8.0.tgz",
      "integrity": "sha1-Sfhm4NMhRhQto62PDv81KzIV/yI=",
      "dev": true,
      "requires": {
        "resolve": "^1.20.0"
      }
    },
    "resolve": {
      "version": "1.22.4",
      "resolved": "http://registry.m.jd.com/resolve/download/resolve-1.22.4.tgz",
      "integrity": "sha1-HcQN9GVUza+JSKSGoQ9roeICbDQ=",
      "dev": true,
      "requires": {
        "is-core-module": "^2.13.0",
        "path-parse": "^1.0.7",
        "supports-preserve-symlinks-flag": "^1.0.0"
      }
    },
    "resolve-cwd": {
      "version": "3.0.0",
      "resolved": "http://registry.m.jd.com/resolve-cwd/download/resolve-cwd-3.0.0.tgz",
      "integrity": "sha1-DwB18bslRHZs9zumpuKt/ryxPy0=",
      "dev": true,
      "requires": {
        "resolve-from": "^5.0.0"
      }
    },
    "resolve-from": {
      "version": "5.0.0",
      "resolved": "http://registry.m.jd.com/resolve-from/download/resolve-from-5.0.0.tgz",
      "integrity": "sha1-w1IlhD3493bfIcV1V7wIfp39/Gk=",
      "dev": true
    },
    "safe-buffer": {
      "version": "5.2.1",
      "resolved": "http://registry.m.jd.com/safe-buffer/download/safe-buffer-5.2.1.tgz",
      "integrity": "sha1-Hq+fqb2x/dTsdfWPnNtOa3gn7sY=",
      "dev": true
    },
    "schema-utils": {
      "version": "3.3.0",
      "resolved": "http://registry.m.jd.com/schema-utils/download/schema-utils-3.3.0.tgz",
      "integrity": "sha1-9QqIh3w8AWUqFbYirp6Xld96YP4=",
      "dev": true,
      "requires": {
        "@types/json-schema": "^7.0.8",
        "ajv": "^6.12.5",
        "ajv-keywords": "^3.5.2"
      }
    },
    "serialize-javascript": {
      "version": "6.0.1",
      "resolved": "http://registry.m.jd.com/serialize-javascript/download/serialize-javascript-6.0.1.tgz",
      "integrity": "sha1-sgbvsnw9oLCra1L0jRcLeZZFjlw=",
      "dev": true,
      "requires": {
        "randombytes": "^2.1.0"
      }
    },
    "setimmediate": {
      "version": "1.0.5",
      "resolved": "http://registry.m.jd.com/setimmediate/download/setimmediate-1.0.5.tgz",
      "integrity": "sha1-KQy7Iy4waULX1+qbg3Mqt4VvgoU=",
      "dev": true
    },
    "shallow-clone": {
      "version": "3.0.1",
      "resolved": "http://registry.m.jd.com/shallow-clone/download/shallow-clone-3.0.1.tgz",
      "integrity": "sha1-jymBrZJTH1UDWwH7IwdppA4C76M=",
      "dev": true,
      "requires": {
        "kind-of": "^6.0.2"
      }
    },
    "shebang-command": {
      "version": "2.0.0",
      "resolved": "http://registry.m.jd.com/shebang-command/download/shebang-command-2.0.0.tgz",
      "integrity": "sha1-zNCvT4g1+9wmW4JGGq8MNmY/NOo=",
      "dev": true,
      "requires": {
        "shebang-regex": "^3.0.0"
      }
    },
    "shebang-regex": {
      "version": "3.0.0",
      "resolved": "http://registry.m.jd.com/shebang-regex/download/shebang-regex-3.0.0.tgz",
      "integrity": "sha1-rhbxZE2HPsrYQ7AwexQzYtTEIXI=",
      "dev": true
    },
    "source-map": {
      "version": "0.6.1",
      "resolved": "http://registry.m.jd.com/source-map/download/source-map-0.6.1.tgz",
      "integrity": "sha1-dHIq8y6WFOnCh6jQu95IteLxomM=",
      "dev": true
    },
    "source-map-support": {
      "version": "0.5.21",
      "resolved": "http://registry.m.jd.com/source-map-support/download/source-map-support-0.5.21.tgz",
      "integrity": "sha1-BP58f54e0tZiIzwoyys1ufY/bk8=",
      "dev": true,
      "requires": {
        "buffer-from": "^1.0.0",
        "source-map": "^0.6.0"
      }
    },
    "string_decoder": {
      "version": "1.1.1",
      "resolved": "http://registry.m.jd.com/string_decoder/download/string_decoder-1.1.1.tgz",
      "integrity": "sha1-nPFhG6YmhdcDCunkujQUnDrwP8g=",
      "dev": true,
      "requires": {
        "safe-buffer": "~5.1.0"
      },
      "dependencies": {
        "safe-buffer": {
          "version": "5.1.2",
          "resolved": "http://registry.m.jd.com/safe-buffer/download/safe-buffer-5.1.2.tgz",
          "integrity": "sha1-mR7GnSluAxN0fVm9/St0XDX4go0=",
          "dev": true
        }
      }
    },
    "supports-color": {
      "version": "8.1.1",
      "resolved": "http://registry.m.jd.com/supports-color/download/supports-color-8.1.1.tgz",
      "integrity": "sha1-zW/BfihQDP9WwbhsCn/UpUpzAFw=",
      "dev": true,
      "requires": {
        "has-flag": "^4.0.0"
      }
    },
    "supports-preserve-symlinks-flag": {
      "version": "1.0.0",
      "resolved": "http://registry.m.jd.com/supports-preserve-symlinks-flag/download/supports-preserve-symlinks-flag-1.0.0.tgz",
      "integrity": "sha1-btpL00SjyUrqN21MwxvHcxEDngk=",
      "dev": true
    },
    "tapable": {
      "version": "2.2.1",
      "resolved": "http://registry.m.jd.com/tapable/download/tapable-2.2.1.tgz",
      "integrity": "sha1-GWenPvQGCoLxKrlq+G1S/bdu7KA=",
      "dev": true
    },
    "terser": {
      "version": "5.19.2",
      "resolved": "http://registry.m.jd.com/terser/download/terser-5.19.2.tgz",
      "integrity": "sha1-vbgBeppKjeRmOnmD9FxQZTT5I04=",
      "dev": true,
      "requires": {
        "@jridgewell/source-map": "^0.3.3",
        "acorn": "^8.8.2",
        "commander": "^2.20.0",
        "source-map-support": "~0.5.20"
      }
    },
    "terser-webpack-plugin": {
      "version": "5.3.9",
      "resolved": "http://registry.m.jd.com/terser-webpack-plugin/download/terser-webpack-plugin-5.3.9.tgz",
      "integrity": "sha1-gyU2mZxRtG1GgGf543Zio7lq3+E=",
      "dev": true,
      "requires": {
        "@jridgewell/trace-mapping": "^0.3.17",
        "jest-worker": "^27.4.5",
        "schema-utils": "^3.1.1",
        "serialize-javascript": "^6.0.1",
        "terser": "^5.16.8"
      }
    },
    "update-browserslist-db": {
      "version": "1.0.11",
      "resolved": "http://registry.m.jd.com/update-browserslist-db/download/update-browserslist-db-1.0.11.tgz",
      "integrity": "sha1-mipkGtKQeuezYWUG9Ll3hR21uUA=",
      "dev": true,
      "requires": {
        "escalade": "^3.1.1",
        "picocolors": "^1.0.0"
      }
    },
    "uri-js": {
      "version": "4.4.1",
      "resolved": "http://registry.m.jd.com/uri-js/download/uri-js-4.4.1.tgz",
      "integrity": "sha1-mxpSWVIlhZ5V9mnZKPiMbFfyp34=",
      "dev": true,
      "requires": {
        "punycode": "^2.1.0"
      }
    },
    "util-deprecate": {
      "version": "1.0.2",
      "resolved": "http://registry.m.jd.com/util-deprecate/download/util-deprecate-1.0.2.tgz",
      "integrity": "sha1-RQ1Nyfpw3nMnYvvS1KKJgUGaDM8=",
      "dev": true
    },
    "watchpack": {
      "version": "2.4.0",
      "resolved": "http://registry.m.jd.com/watchpack/download/watchpack-2.4.0.tgz",
      "integrity": "sha1-+jMDI3SWLHgRP5PH8vtMVMmGKl0=",
      "dev": true,
      "requires": {
        "glob-to-regexp": "^0.4.1",
        "graceful-fs": "^4.1.2"
      }
    },
    "webpack": {
      "version": "5.88.2",
      "resolved": "http://registry.m.jd.com/webpack/download/webpack-5.88.2.tgz",
      "integrity": "sha1-9itLhC8cb/WA8/yy7U8LV59MIQ4=",
      "dev": true,
      "requires": {
        "@types/eslint-scope": "^3.7.3",
        "@types/estree": "^1.0.0",
        "@webassemblyjs/ast": "^1.11.5",
        "@webassemblyjs/wasm-edit": "^1.11.5",
        "@webassemblyjs/wasm-parser": "^1.11.5",
        "acorn": "^8.7.1",
        "acorn-import-assertions": "^1.9.0",
        "browserslist": "^4.14.5",
        "chrome-trace-event": "^1.0.2",
        "enhanced-resolve": "^5.15.0",
        "es-module-lexer": "^1.2.1",
        "eslint-scope": "5.1.1",
        "events": "^3.2.0",
        "glob-to-regexp": "^0.4.1",
        "graceful-fs": "^4.2.9",
        "json-parse-even-better-errors": "^2.3.1",
        "loader-runner": "^4.2.0",
        "mime-types": "^2.1.27",
        "neo-async": "^2.6.2",
        "schema-utils": "^3.2.0",
        "tapable": "^2.1.1",
        "terser-webpack-plugin": "^5.3.7",
        "watchpack": "^2.4.0",
        "webpack-sources": "^3.2.3"
      }
    },
    "webpack-cli": {
      "version": "5.1.4",
      "resolved": "http://registry.m.jd.com/webpack-cli/download/webpack-cli-5.1.4.tgz",
      "integrity": "sha1-yOBGun6q5JEdfnHislt3b8w1dZs=",
      "dev": true,
      "requires": {
        "@discoveryjs/json-ext": "^0.5.0",
        "@webpack-cli/configtest": "^2.1.1",
        "@webpack-cli/info": "^2.0.2",
        "@webpack-cli/serve": "^2.0.5",
        "colorette": "^2.0.14",
        "commander": "^10.0.1",
        "cross-spawn": "^7.0.3",
        "envinfo": "^7.7.3",
        "fastest-levenshtein": "^1.0.12",
        "import-local": "^3.0.2",
        "interpret": "^3.1.1",
        "rechoir": "^0.8.0",
        "webpack-merge": "^5.7.3"
      },
      "dependencies": {
        "commander": {
          "version": "10.0.1",
          "resolved": "http://registry.m.jd.com/commander/download/commander-10.0.1.tgz",
          "integrity": "sha1-iB7ka0930cHczFgjQzqjmwIsvgY=",
          "dev": true
        }
      }
    },
    "webpack-merge": {
      "version": "5.9.0",
      "resolved": "http://registry.m.jd.com/webpack-merge/download/webpack-merge-5.9.0.tgz",
      "integrity": "sha1-3BYKHEz1Es7KUVzCMWaendsTOCY=",
      "dev": true,
      "requires": {
        "clone-deep": "^4.0.1",
        "wildcard": "^2.0.0"
      }
    },
    "webpack-sources": {
      "version": "3.2.3",
      "resolved": "http://registry.m.jd.com/webpack-sources/download/webpack-sources-3.2.3.tgz",
      "integrity": "sha1-LU2quEUf1LJAzCcFX/agwszqDN4=",
      "dev": true
    },
    "which": {
      "version": "2.0.2",
      "resolved": "http://registry.m.jd.com/which/download/which-2.0.2.tgz",
      "integrity": "sha1-fGqN0KY2oDJ+ELWckobu6T8/UbE=",
      "dev": true,
      "requires": {
        "isexe": "^2.0.0"
      }
    },
    "wildcard": {
      "version": "2.0.1",
      "resolved": "http://registry.m.jd.com/wildcard/download/wildcard-2.0.1.tgz",
      "integrity": "sha1-WrENAkhxmJVINrY0n3T/+WHhD2c=",
      "dev": true
    }
  }
}
